
Microsoft Visual Studio Solution File, Format Version 12.00
# Visual Studio Version 17
VisualStudioVersion = 17.3.32825.248
MinimumVisualStudioVersion = 10.0.40219.1
Project("{FAE04EC0-301F-11D3-BF4B-00C04F79EFBC}") = "PatientListAssignment", "PatientListAssignment\PatientListAssignment.csproj", "{0681DC57-7DE9-489F-A61C-29B12CDEBE84}"
EndProject
Global
	GlobalSection(SolutionConfigurationPlatforms) = preSolution
		Debug|Any CPU = Debug|Any CPU
		Release|Any CPU = Release|Any CPU
	EndGlobalSection
	GlobalSection(ProjectConfigurationPlatforms) = postSolution
		{0681DC57-7DE9-489F-A61C-29B12CDEBE84}.Debug|Any CPU.ActiveCfg = Debug|Any CPU
		{0681DC57-7DE9-489F-A61C-29B12CDEBE84}.Debug|Any CPU.Build.0 = Debug|Any CPU
		{0681DC57-7DE9-489F-A61C-29B12CDEBE84}.Release|Any CPU.ActiveCfg = Release|Any CPU
		{0681DC57-7DE9-489F-A61C-29B12CDEBE84}.Release|Any CPU.Build.0 = Release|Any CPU
	EndGlobalSection
	GlobalSection(SolutionProperties) = preSolution
		HideSolutionNode = FALSE
	EndGlobalSection
	GlobalSection(ExtensibilityGlobals) = postSolution
		SolutionGuid = {0D711E12-CB41-465E-A48B-CC8D2D4672BF}
	EndGlobalSection
EndGlobal
